
Microsoft Visual Studio Solution File, Format Version 12.00
# Visual Studio Version 17
VisualStudioVersion = 17.1.32328.378
MinimumVisualStudioVersion = 10.0.40219.1
Project("{FAE04EC0-301F-11D3-BF4B-00C04F79EFBC}") = "BAI_1_0_ONTAP_NET101_CRUD", "..\BAI_1_0_ONTAP_NET101_CRUD\BAI_1_0_ONTAP_NET101_CRUD.csproj", "{A017DD37-BE88-4937-8F48-504A7BF2EAA7}"
EndProject
Project("{FAE04EC0-301F-11D3-BF4B-00C04F79EFBC}") = "BAI_1_1_DELEGATE", "BAI_1_1_DELEGATE\BAI_1_1_DELEGATE.csproj", "{2581509F-1751-4DBD-9059-82C1F658CAD9}"
EndProject
Project("{FAE04EC0-301F-11D3-BF4B-00C04F79EFBC}") = "BAI_1_2_DELEGATE_FUNC_PREDICATE_ACTION", "BAI_1_2_DELEGATE_FUNC_PREDICATE_ACTION\BAI_1_2_DELEGATE_FUNC_PREDICATE_ACTION.csproj", "{B174D775-4C3D-4E65-8428-65EE57981A78}"
EndProject
Project("{FAE04EC0-301F-11D3-BF4B-00C04F79EFBC}") = "BAI_1_3_DELEGATE_EVENT", "BAI_1_3_DELEGATE_EVENT\BAI_1_3_DELEGATE_EVENT.csproj", "{9F1D2E44-6230-4E9E-B358-02DFD976B823}"
EndProject
Project("{FAE04EC0-301F-11D3-BF4B-00C04F79EFBC}") = "BAI_1_4_DELEGATE_EVENT2", "BAI_1_4_DELEGATE_EVENT2\BAI_1_4_DELEGATE_EVENT2.csproj", "{38F2FF31-F0CC-4E33-9D8A-1C776891808C}"
EndProject
Project("{FAE04EC0-301F-11D3-BF4B-00C04F79EFBC}") = "BAI_1_5_DELEGATE_EVENT3", "BAI_1_5_DELEGATE_EVENT3\BAI_1_5_DELEGATE_EVENT3.csproj", "{4FA6A041-2A0F-4718-93E4-C07FA1214605}"
EndProject
Project("{FAE04EC0-301F-11D3-BF4B-00C04F79EFBC}") = "BAI_1_6_EXCEPTION", "BAI_1_6_EXCEPTION\BAI_1_6_EXCEPTION.csproj", "{DBAFEB08-E749-4DC0-969F-58B3817526D9}"
EndProject
Project("{FAE04EC0-301F-11D3-BF4B-00C04F79EFBC}") = "BAI_1_7_DINHNGHIA_EXCEPTION", "BAI_1_7_DINHNGHIA_EXCEPTION\BAI_1_7_DINHNGHIA_EXCEPTION.csproj", "{FA602125-7567-4A39-BFEC-7156F3B7F850}"
EndProject
Project("{FAE04EC0-301F-11D3-BF4B-00C04F79EFBC}") = "BAI_1_8_DINH_NGHIA_CLASS_EXCEPTION", "BAI_1_8_DINH_NGHIA_CLASS_EXCEPTION\BAI_1_8_DINH_NGHIA_CLASS_EXCEPTION.csproj", "{7B4C09C1-F150-4E75-B9BB-E7BA1F6F1DED}"
EndProject
Project("{FAE04EC0-301F-11D3-BF4B-00C04F79EFBC}") = "BAI_1_9_COLLECTION", "BAI_1_9_COLLECTION\BAI_1_9_COLLECTION.csproj", "{AF2CBDCB-3DAA-4F4A-B322-06F95141F150}"
EndProject
Project("{FAE04EC0-301F-11D3-BF4B-00C04F79EFBC}") = "BAI_2_0_GENERIC", "BAI_2_0_GENERIC\BAI_2_0_GENERIC.csproj", "{9A4CA391-50EA-4ECA-BD66-558FE16FCC25}"
EndProject
Project("{FAE04EC0-301F-11D3-BF4B-00C04F79EFBC}") = "BAI_2_1_CLASS_GENERIC", "BAI_2_1_CLASS_GENERIC\BAI_2_1_CLASS_GENERIC.csproj", "{6B54893A-7C83-4418-8156-2FEB42F262E9}"
EndProject
Project("{FAE04EC0-301F-11D3-BF4B-00C04F79EFBC}") = "BAI_2_2_Collections_Generic", "BAI_2_2_Collections_Generic\BAI_2_2_Collections_Generic.csproj", "{058BAE13-BABC-47D1-BC6D-6E7FA7271872}"
EndProject
Project("{FAE04EC0-301F-11D3-BF4B-00C04F79EFBC}") = "BAI_2_3_PARTIAL_CLASS_METHOD", "BAI_2_3_PARTIAL_CLASS_METHOD\BAI_2_3_PARTIAL_CLASS_METHOD.csproj", "{CEC3E4F7-33AA-423C-AF77-5E34103A1BD5}"
EndProject
Project("{FAE04EC0-301F-11D3-BF4B-00C04F79EFBC}") = "BAI_2_4_IMPLICITLY_VA_DYNAMIC_TYPE", "BAI_2_4_IMPLICITLY_VA_DYNAMIC_TYPE\BAI_2_4_IMPLICITLY_VA_DYNAMIC_TYPE.csproj", "{3B08FBFF-4ABA-4311-BA6E-835339858CC7}"
EndProject
Project("{FAE04EC0-301F-11D3-BF4B-00C04F79EFBC}") = "BAI_2_5_NULLABLE_TYPED", "BAI_2_5_NULLABLE_TYPED\BAI_2_5_NULLABLE_TYPED.csproj", "{684EF9D5-E00F-4E92-ABAD-A201EAFFED3F}"
EndProject
Project("{FAE04EC0-301F-11D3-BF4B-00C04F79EFBC}") = "BAI_2_6_ANONYMOUS_TYPED", "BAI_2_6_ANONYMOUS_TYPED\BAI_2_6_ANONYMOUS_TYPED.csproj", "{959FE12A-B96C-4C6D-A60B-1E5B14FE1E91}"
EndProject
Project("{FAE04EC0-301F-11D3-BF4B-00C04F79EFBC}") = "BAI_2_7_THAO_TAC_VOI_TAP_TIN_System.IO", "BAI_2_7_THAO_TAC_VOI_TAP_TIN_System.IO\BAI_2_7_THAO_TAC_VOI_TAP_TIN_System.IO.csproj", "{F08A9537-6836-48BD-98A3-F95E9795B899}"
EndProject
Project("{FAE04EC0-301F-11D3-BF4B-00C04F79EFBC}") = "BAI_2_8_DocGhiDoiTuong", "BAI_2_8_DocGhiDoiTuong\BAI_2_8_DocGhiDoiTuong.csproj", "{3451B6EC-AF20-4F08-9544-561C27246B1E}"
EndProject
Global
	GlobalSection(SolutionConfigurationPlatforms) = preSolution
		Debug|Any CPU = Debug|Any CPU
		Release|Any CPU = Release|Any CPU
	EndGlobalSection
	GlobalSection(ProjectConfigurationPlatforms) = postSolution
		{A017DD37-BE88-4937-8F48-504A7BF2EAA7}.Debug|Any CPU.ActiveCfg = Debug|Any CPU
		{A017DD37-BE88-4937-8F48-504A7BF2EAA7}.Debug|Any CPU.Build.0 = Debug|Any CPU
		{A017DD37-BE88-4937-8F48-504A7BF2EAA7}.Release|Any CPU.ActiveCfg = Release|Any CPU
		{A017DD37-BE88-4937-8F48-504A7BF2EAA7}.Release|Any CPU.Build.0 = Release|Any CPU
		{2581509F-1751-4DBD-9059-82C1F658CAD9}.Debug|Any CPU.ActiveCfg = Debug|Any CPU
		{2581509F-1751-4DBD-9059-82C1F658CAD9}.Debug|Any CPU.Build.0 = Debug|Any CPU
		{2581509F-1751-4DBD-9059-82C1F658CAD9}.Release|Any CPU.ActiveCfg = Release|Any CPU
		{2581509F-1751-4DBD-9059-82C1F658CAD9}.Release|Any CPU.Build.0 = Release|Any CPU
		{B174D775-4C3D-4E65-8428-65EE57981A78}.Debug|Any CPU.ActiveCfg = Debug|Any CPU
		{B174D775-4C3D-4E65-8428-65EE57981A78}.Debug|Any CPU.Build.0 = Debug|Any CPU
		{B174D775-4C3D-4E65-8428-65EE57981A78}.Release|Any CPU.ActiveCfg = Release|Any CPU
		{B174D775-4C3D-4E65-8428-65EE57981A78}.Release|Any CPU.Build.0 = Release|Any CPU
		{9F1D2E44-6230-4E9E-B358-02DFD976B823}.Debug|Any CPU.ActiveCfg = Debug|Any CPU
		{9F1D2E44-6230-4E9E-B358-02DFD976B823}.Debug|Any CPU.Build.0 = Debug|Any CPU
		{9F1D2E44-6230-4E9E-B358-02DFD976B823}.Release|Any CPU.ActiveCfg = Release|Any CPU
		{9F1D2E44-6230-4E9E-B358-02DFD976B823}.Release|Any CPU.Build.0 = Release|Any CPU
		{38F2FF31-F0CC-4E33-9D8A-1C776891808C}.Debug|Any CPU.ActiveCfg = Debug|Any CPU
		{38F2FF31-F0CC-4E33-9D8A-1C776891808C}.Debug|Any CPU.Build.0 = Debug|Any CPU
		{38F2FF31-F0CC-4E33-9D8A-1C776891808C}.Release|Any CPU.ActiveCfg = Release|Any CPU
		{38F2FF31-F0CC-4E33-9D8A-1C776891808C}.Release|Any CPU.Build.0 = Release|Any CPU
		{4FA6A041-2A0F-4718-93E4-C07FA1214605}.Debug|Any CPU.ActiveCfg = Debug|Any CPU
		{4FA6A041-2A0F-4718-93E4-C07FA1214605}.Debug|Any CPU.Build.0 = Debug|Any CPU
		{4FA6A041-2A0F-4718-93E4-C07FA1214605}.Release|Any CPU.ActiveCfg = Release|Any CPU
		{4FA6A041-2A0F-4718-93E4-C07FA1214605}.Release|Any CPU.Build.0 = Release|Any CPU
		{DBAFEB08-E749-4DC0-969F-58B3817526D9}.Debug|Any CPU.ActiveCfg = Debug|Any CPU
		{DBAFEB08-E749-4DC0-969F-58B3817526D9}.Debug|Any CPU.Build.0 = Debug|Any CPU
		{DBAFEB08-E749-4DC0-969F-58B3817526D9}.Release|Any CPU.ActiveCfg = Release|Any CPU
		{DBAFEB08-E749-4DC0-969F-58B3817526D9}.Release|Any CPU.Build.0 = Release|Any CPU
		{FA602125-7567-4A39-BFEC-7156F3B7F850}.Debug|Any CPU.ActiveCfg = Debug|Any CPU
		{FA602125-7567-4A39-BFEC-7156F3B7F850}.Debug|Any CPU.Build.0 = Debug|Any CPU
		{FA602125-7567-4A39-BFEC-7156F3B7F850}.Release|Any CPU.ActiveCfg = Release|Any CPU
		{FA602125-7567-4A39-BFEC-7156F3B7F850}.Release|Any CPU.Build.0 = Release|Any CPU
		{7B4C09C1-F150-4E75-B9BB-E7BA1F6F1DED}.Debug|Any CPU.ActiveCfg = Debug|Any CPU
		{7B4C09C1-F150-4E75-B9BB-E7BA1F6F1DED}.Debug|Any CPU.Build.0 = Debug|Any CPU
		{7B4C09C1-F150-4E75-B9BB-E7BA1F6F1DED}.Release|Any CPU.ActiveCfg = Release|Any CPU
		{7B4C09C1-F150-4E75-B9BB-E7BA1F6F1DED}.Release|Any CPU.Build.0 = Release|Any CPU
		{AF2CBDCB-3DAA-4F4A-B322-06F95141F150}.Debug|Any CPU.ActiveCfg = Debug|Any CPU
		{AF2CBDCB-3DAA-4F4A-B322-06F95141F150}.Debug|Any CPU.Build.0 = Debug|Any CPU
		{AF2CBDCB-3DAA-4F4A-B322-06F95141F150}.Release|Any CPU.ActiveCfg = Release|Any CPU
		{AF2CBDCB-3DAA-4F4A-B322-06F95141F150}.Release|Any CPU.Build.0 = Release|Any CPU
		{9A4CA391-50EA-4ECA-BD66-558FE16FCC25}.Debug|Any CPU.ActiveCfg = Debug|Any CPU
		{9A4CA391-50EA-4ECA-BD66-558FE16FCC25}.Debug|Any CPU.Build.0 = Debug|Any CPU
		{9A4CA391-50EA-4ECA-BD66-558FE16FCC25}.Release|Any CPU.ActiveCfg = Release|Any CPU
		{9A4CA391-50EA-4ECA-BD66-558FE16FCC25}.Release|Any CPU.Build.0 = Release|Any CPU
		{6B54893A-7C83-4418-8156-2FEB42F262E9}.Debug|Any CPU.ActiveCfg = Debug|Any CPU
		{6B54893A-7C83-4418-8156-2FEB42F262E9}.Debug|Any CPU.Build.0 = Debug|Any CPU
		{6B54893A-7C83-4418-8156-2FEB42F262E9}.Release|Any CPU.ActiveCfg = Release|Any CPU
		{6B54893A-7C83-4418-8156-2FEB42F262E9}.Release|Any CPU.Build.0 = Release|Any CPU
		{058BAE13-BABC-47D1-BC6D-6E7FA7271872}.Debug|Any CPU.ActiveCfg = Debug|Any CPU
		{058BAE13-BABC-47D1-BC6D-6E7FA7271872}.Debug|Any CPU.Build.0 = Debug|Any CPU
		{058BAE13-BABC-47D1-BC6D-6E7FA7271872}.Release|Any CPU.ActiveCfg = Release|Any CPU
		{058BAE13-BABC-47D1-BC6D-6E7FA7271872}.Release|Any CPU.Build.0 = Release|Any CPU
		{CEC3E4F7-33AA-423C-AF77-5E34103A1BD5}.Debug|Any CPU.ActiveCfg = Debug|Any CPU
		{CEC3E4F7-33AA-423C-AF77-5E34103A1BD5}.Debug|Any CPU.Build.0 = Debug|Any CPU
		{CEC3E4F7-33AA-423C-AF77-5E34103A1BD5}.Release|Any CPU.ActiveCfg = Release|Any CPU
		{CEC3E4F7-33AA-423C-AF77-5E34103A1BD5}.Release|Any CPU.Build.0 = Release|Any CPU
		{3B08FBFF-4ABA-4311-BA6E-835339858CC7}.Debug|Any CPU.ActiveCfg = Debug|Any CPU
		{3B08FBFF-4ABA-4311-BA6E-835339858CC7}.Debug|Any CPU.Build.0 = Debug|Any CPU
		{3B08FBFF-4ABA-4311-BA6E-835339858CC7}.Release|Any CPU.ActiveCfg = Release|Any CPU
		{3B08FBFF-4ABA-4311-BA6E-835339858CC7}.Release|Any CPU.Build.0 = Release|Any CPU
		{684EF9D5-E00F-4E92-ABAD-A201EAFFED3F}.Debug|Any CPU.ActiveCfg = Debug|Any CPU
		{684EF9D5-E00F-4E92-ABAD-A201EAFFED3F}.Debug|Any CPU.Build.0 = Debug|Any CPU
		{684EF9D5-E00F-4E92-ABAD-A201EAFFED3F}.Release|Any CPU.ActiveCfg = Release|Any CPU
		{684EF9D5-E00F-4E92-ABAD-A201EAFFED3F}.Release|Any CPU.Build.0 = Release|Any CPU
		{959FE12A-B96C-4C6D-A60B-1E5B14FE1E91}.Debug|Any CPU.ActiveCfg = Debug|Any CPU
		{959FE12A-B96C-4C6D-A60B-1E5B14FE1E91}.Debug|Any CPU.Build.0 = Debug|Any CPU
		{959FE12A-B96C-4C6D-A60B-1E5B14FE1E91}.Release|Any CPU.ActiveCfg = Release|Any CPU
		{959FE12A-B96C-4C6D-A60B-1E5B14FE1E91}.Release|Any CPU.Build.0 = Release|Any CPU
		{F08A9537-6836-48BD-98A3-F95E9795B899}.Debug|Any CPU.ActiveCfg = Debug|Any CPU
		{F08A9537-6836-48BD-98A3-F95E9795B899}.Debug|Any CPU.Build.0 = Debug|Any CPU
		{F08A9537-6836-48BD-98A3-F95E9795B899}.Release|Any CPU.ActiveCfg = Release|Any CPU
		{F08A9537-6836-48BD-98A3-F95E9795B899}.Release|Any CPU.Build.0 = Release|Any CPU
		{3451B6EC-AF20-4F08-9544-561C27246B1E}.Debug|Any CPU.ActiveCfg = Debug|Any CPU
		{3451B6EC-AF20-4F08-9544-561C27246B1E}.Debug|Any CPU.Build.0 = Debug|Any CPU
		{3451B6EC-AF20-4F08-9544-561C27246B1E}.Release|Any CPU.ActiveCfg = Release|Any CPU
		{3451B6EC-AF20-4F08-9544-561C27246B1E}.Release|Any CPU.Build.0 = Release|Any CPU
	EndGlobalSection
	GlobalSection(SolutionProperties) = preSolution
		HideSolutionNode = FALSE
	EndGlobalSection
	GlobalSection(ExtensibilityGlobals) = postSolution
		SolutionGuid = {F7F010FE-533B-45DB-9BF4-43420606E69A}
	EndGlobalSection
EndGlobal
